
Microsoft Visual Studio Solution File, Format Version 12.00
# Visual Studio Version 16
VisualStudioVersion = 16.0.30330.147
MinimumVisualStudioVersion = 10.0.40219.1
Project("{FAE04EC0-301F-11D3-BF4B-00C04F79EFBC}") = "Poker", "Poker\Poker.csproj", "{49384FC6-D51C-4FC9-ABAA-FBB8D451642C}"
EndProject
Global
	GlobalSection(SolutionConfigurationPlatforms) = preSolution
		Debug|Any CPU = Debug|Any CPU
		Release|Any CPU = Release|Any CPU
	EndGlobalSection
	GlobalSection(ProjectConfigurationPlatforms) = postSolution
		{49384FC6-D51C-4FC9-ABAA-FBB8D451642C}.Debug|Any CPU.ActiveCfg = Debug|Any CPU
		{49384FC6-D51C-4FC9-ABAA-FBB8D451642C}.Debug|Any CPU.Build.0 = Debug|Any CPU
		{49384FC6-D51C-4FC9-ABAA-FBB8D451642C}.Release|Any CPU.ActiveCfg = Release|Any CPU
		{49384FC6-D51C-4FC9-ABAA-FBB8D451642C}.Release|Any CPU.Build.0 = Release|Any CPU
	EndGlobalSection
	GlobalSection(SolutionProperties) = preSolution
		HideSolutionNode = FALSE
	EndGlobalSection
	GlobalSection(ExtensibilityGlobals) = postSolution
		SolutionGuid = {3D57F0B6-99B4-4EB2-BE78-EDB493357257}
	EndGlobalSection
EndGlobal
